
Microsoft Visual Studio Solution File, Format Version 12.00
# Visual Studio Version 17
VisualStudioVersion = 17.6.33829.357
MinimumVisualStudioVersion = 10.0.40219.1
Project("{FAE04EC0-301F-11D3-BF4B-00C04F79EFBC}") = "Stok_Takip", "Stok_Takip\Stok_Takip.csproj", "{A84B55FD-1EBD-4063-8602-A0B69A3DACBB}"
EndProject
Global
	GlobalSection(SolutionConfigurationPlatforms) = preSolution
		Debug|Any CPU = Debug|Any CPU
		Release|Any CPU = Release|Any CPU
	EndGlobalSection
	GlobalSection(ProjectConfigurationPlatforms) = postSolution
		{A84B55FD-1EBD-4063-8602-A0B69A3DACBB}.Debug|Any CPU.ActiveCfg = Debug|Any CPU
		{A84B55FD-1EBD-4063-8602-A0B69A3DACBB}.Debug|Any CPU.Build.0 = Debug|Any CPU
		{A84B55FD-1EBD-4063-8602-A0B69A3DACBB}.Release|Any CPU.ActiveCfg = Release|Any CPU
		{A84B55FD-1EBD-4063-8602-A0B69A3DACBB}.Release|Any CPU.Build.0 = Release|Any CPU
	EndGlobalSection
	GlobalSection(SolutionProperties) = preSolution
		HideSolutionNode = FALSE
	EndGlobalSection
	GlobalSection(ExtensibilityGlobals) = postSolution
		SolutionGuid = {F677EFE8-6D26-4558-BB02-27ADD433A61D}
	EndGlobalSection
EndGlobal
